// !$*UTF8*$!
{
	archiveVersion = 1;
	classes = {
	};
	objectVersion = 50;
	objects = {

/* Begin PBXBuildFile section */
		12A254FF215B83A40092F14D /* AppDelegate.swift in Sources */ = {isa = PBXBuildFile; fileRef = 12A254FE215B83A40092F14D /* AppDelegate.swift */; };
		12A25501215B83A40092F14D /* ViewController.swift in Sources */ = {isa = PBXBuildFile; fileRef = 12A25500215B83A40092F14D /* ViewController.swift */; };
		12A25504215B83A40092F14D /* Main.storyboard in Resources */ = {isa = PBXBuildFile; fileRef = 12A25502215B83A40092F14D /* Main.storyboard */; };
		12A25506215B83A60092F14D /* Assets.xcassets in Resources */ = {isa = PBXBuildFile; fileRef = 12A25505215B83A60092F14D /* Assets.xcassets */; };
		12A25509215B83A60092F14D /* LaunchScreen.storyboard in Resources */ = {isa = PBXBuildFile; fileRef = 12A25507215B83A60092F14D /* LaunchScreen.storyboard */; };
		12A25514215B83A60092F14D /* LocalNotificationTests.swift in Sources */ = {isa = PBXBuildFile; fileRef = 12A25513215B83A60092F14D /* LocalNotificationTests.swift */; };
		12A2551F215B83A60092F14D /* LocalNotificationUITests.swift in Sources */ = {isa = PBXBuildFile; fileRef = 12A2551E215B83A60092F14D /* LocalNotificationUITests.swift */; };
/* End PBXBuildFile section */

/* Begin PBXContainerItemProxy section */
		12A25510215B83A60092F14D /* PBXContainerItemProxy */ = {
			isa = PBXContainerItemProxy;
			containerPortal = 12A254F3215B83A40092F14D /* Project object */;
			proxyType = 1;
			remoteGlobalIDString = 12A254FA215B83A40092F14D;
			remoteInfo = LocalNotification;
		};
		12A2551B215B83A60092F14D /* PBXContainerItemProxy */ = {
			isa = PBXContainerItemProxy;
			containerPortal = 12A254F3215B83A40092F14D /* Project object */;
			proxyType = 1;
			remoteGlobalIDString = 12A254FA215B83A40092F14D;
			remoteInfo = LocalNotification;
		};
/* End PBXContainerItemProxy section */

/* Begin PBXFileReference section */
		12A254FB215B83A40092F14D /* LocalNotification.app */ = {isa = PBXFileReference; explicitFileType = wrapper.application; includeInIndex = 0; path = LocalNotification.app; sourceTree = BUILT_PRODUCTS_DIR; };
		12A254FE215B83A40092F14D /* AppDelegate.swift */ = {isa = PBXFileReference; lastKnownFileType = sourcecode.swift; path = AppDelegate.swift; sourceTree = "<group>"; };
		12A25500215B83A40092F14D /* ViewController.swift */ = {isa = PBXFileReference; lastKnownFileType = sourcecode.swift; path = ViewController.swift; sourceTree = "<group>"; };
		12A25503215B83A40092F14D /* Base */ = {isa = PBXFileReference; lastKnownFileType = file.storyboard; name = Base; path = Base.lproj/Main.storyboard; sourceTree = "<group>"; };
		12A25505215B83A60092F14D /* Assets.xcassets */ = {isa = PBXFileReference; lastKnownFileType = folder.assetcatalog; path = Assets.xcassets; sourceTree = "<group>"; };
		12A25508215B83A60092F14D /* Base */ = {isa = PBXFileReference; lastKnownFileType = file.storyboard; name = Base; path = Base.lproj/LaunchScreen.storyboard; sourceTree = "<group>"; };
		12A2550A215B83A60092F14D /* Info.plist */ = {isa = PBXFileReference; lastKnownFileType = text.plist.xml; path = Info.plist; sourceTree = "<group>"; };
		12A2550F215B83A60092F14D /* LocalNotificationTests.xctest */ = {isa = PBXFileReference; explicitFileType = wrapper.cfbundle; includeInIndex = 0; path = LocalNotificationTests.xctest; sourceTree = BUILT_PRODUCTS_DIR; };
		12A25513215B83A60092F14D /* LocalNotificationTests.swift */ = {isa = PBXFileReference; lastKnownFileType = sourcecode.swift; path = LocalNotificationTests.swift; sourceTree = "<group>"; };
		12A25515215B83A60092F14D /* Info.plist */ = {isa = PBXFileReference; lastKnownFileType = text.plist.xml; path = Info.plist; sourceTree = "<group>"; };
		12A2551A215B83A60092F14D /* LocalNotificationUITests.xctest */ = {isa = PBXFileReference; explicitFileType = wrapper.cfbundle; includeInIndex = 0; path = LocalNotificationUITests.xctest; sourceTree = BUILT_PRODUCTS_DIR; };
		12A2551E215B83A60092F14D /* LocalNotificationUITests.swift */ = {isa = PBXFileReference; lastKnownFileType = sourcecode.swift; path = LocalNotificationUITests.swift; sourceTree = "<group>"; };
		12A25520215B83A60092F14D /* Info.plist */ = {isa = PBXFileReference; lastKnownFileType = text.plist.xml; path = Info.plist; sourceTree = "<group>"; };
/* End PBXFileReference section */

/* Begin PBXFrameworksBuildPhase section */
		12A254F8215B83A40092F14D /* Frameworks */ = {
			isa = PBXFrameworksBuildPhase;
			buildActionMask = 2147483647;
			files = (
			);
			runOnlyForDeploymentPostprocessing = 0;
		};
		12A2550C215B83A60092F14D /* Frameworks */ = {
			isa = PBXFrameworksBuildPhase;
			buildActionMask = 2147483647;
			files = (
			);
			runOnlyForDeploymentPostprocessing = 0;
		};
		12A25517215B83A60092F14D /* Frameworks */ = {
			isa = PBXFrameworksBuildPhase;
			buildActionMask = 2147483647;
			files = (
			);
			runOnlyForDeploymentPostprocessing = 0;
		};
/* End PBXFrameworksBuildPhase section */

/* Begin PBXGroup section */
		12A254F2215B83A40092F14D = {
			isa = PBXGroup;
			children = (
				12A254FD215B83A40092F14D /* LocalNotification */,
				12A25512215B83A60092F14D /* LocalNotificationTests */,
				12A2551D215B83A60092F14D /* LocalNotificationUITests */,
				12A254FC215B83A40092F14D /* Products */,
			);
			sourceTree = "<group>";
		};
		12A254FC215B83A40092F14D /* Products */ = {
			isa = PBXGroup;
			children = (
				12A254FB215B83A40092F14D /* LocalNotification.app */,
				12A2550F215B83A60092F14D /* LocalNotificationTests.xctest */,
				12A2551A215B83A60092F14D /* LocalNotificationUITests.xctest */,
			);
			name = Products;
			sourceTree = "<group>";
		};
		12A254FD215B83A40092F14D /* LocalNotification */ = {
			isa = PBXGroup;
			children = (
				12A254FE215B83A40092F14D /* AppDelegate.swift */,
				12A25500215B83A40092F14D /* ViewController.swift */,
				12A25502215B83A40092F14D /* Main.storyboard */,
				12A25505215B83A60092F14D /* Assets.xcassets */,
				12A25507215B83A60092F14D /* LaunchScreen.storyboard */,
				12A2550A215B83A60092F14D /* Info.plist */,
			);
			path = LocalNotification;
			sourceTree = "<group>";
		};
		12A25512215B83A60092F14D /* LocalNotificationTests */ = {
			isa = PBXGroup;
			children = (
				12A25513215B83A60092F14D /* LocalNotificationTests.swift */,
				12A25515215B83A60092F14D /* Info.plist */,
			);
			path = LocalNotificationTests;
			sourceTree = "<group>";
		};
		12A2551D215B83A60092F14D /* LocalNotificationUITests */ = {
			isa = PBXGroup;
			children = (
				12A2551E215B83A60092F14D /* LocalNotificationUITests.swift */,
				12A25520215B83A60092F14D /* Info.plist */,
			);
			path = LocalNotificationUITests;
			sourceTree = "<group>";
		};
/* End PBXGroup section */

/* Begin PBXNativeTarget section */
		12A254FA215B83A40092F14D /* LocalNotification */ = {
			isa = PBXNativeTarget;
			buildConfigurationList = 12A25523215B83A60092F14D /* Build configuration list for PBXNativeTarget "LocalNotification" */;
			buildPhases = (
				12A254F7215B83A40092F14D /* Sources */,
				12A254F8215B83A40092F14D /* Frameworks */,
				12A254F9215B83A40092F14D /* Resources */,
			);
			buildRules = (
			);
			dependencies = (
			);
			name = LocalNotification;
			productName = LocalNotification;
			productReference = 12A254FB215B83A40092F14D /* LocalNotification.app */;
			productType = "com.apple.product-type.application";
		};
		12A2550E215B83A60092F14D /* LocalNotificationTests */ = {
			isa = PBXNativeTarget;
			buildConfigurationList = 12A25526215B83A60092F14D /* Build configuration list for PBXNativeTarget "LocalNotificationTests" */;
			buildPhases = (
				12A2550B215B83A60092F14D /* Sources */,
				12A2550C215B83A60092F14D /* Frameworks */,
				12A2550D215B83A60092F14D /* Resources */,
			);
			buildRules = (
			);
			dependencies = (
				12A25511215B83A60092F14D /* PBXTargetDependency */,
			);
			name = LocalNotificationTests;
			productName = LocalNotificationTests;
			productReference = 12A2550F215B83A60092F14D /* LocalNotificationTests.xctest */;
			productType = "com.apple.product-type.bundle.unit-test";
		};
		12A25519215B83A60092F14D /* LocalNotificationUITests */ = {
			isa = PBXNativeTarget;
			buildConfigurationList = 12A25529215B83A60092F14D /* Build configuration list for PBXNativeTarget "LocalNotificationUITests" */;
			buildPhases = (
				12A25516215B83A60092F14D /* Sources */,
				12A25517215B83A60092F14D /* Frameworks */,
				12A25518215B83A60092F14D /* Resources */,
			);
			buildRules = (
			);
			dependencies = (
				12A2551C215B83A60092F14D /* PBXTargetDependency */,
			);
			name = LocalNotificationUITests;
			productName = LocalNotificationUITests;
			productReference = 12A2551A215B83A60092F14D /* LocalNotificationUITests.xctest */;
			productType = "com.apple.product-type.bundle.ui-testing";
		};
/* End PBXNativeTarget section */

/* Begin PBXProject section */
		12A254F3215B83A40092F14D /* Project object */ = {
			isa = PBXProject;
			attributes = {
				LastSwiftUpdateCheck = 1000;
				LastUpgradeCheck = 1000;
				ORGANIZATIONNAME = "Abhishek Singh";
				TargetAttributes = {
					12A254FA215B83A40092F14D = {
						CreatedOnToolsVersion = 10.0;
					};
					12A2550E215B83A60092F14D = {
						CreatedOnToolsVersion = 10.0;
						TestTargetID = 12A254FA215B83A40092F14D;
					};
					12A25519215B83A60092F14D = {
						CreatedOnToolsVersion = 10.0;
						TestTargetID = 12A254FA215B83A40092F14D;
					};
				};
			};
			buildConfigurationList = 12A254F6215B83A40092F14D /* Build configuration list for PBXProject "LocalNotification" */;
			compatibilityVersion = "Xcode 9.3";
			developmentRegion = en;
			hasScannedForEncodings = 0;
			knownRegions = (
				en,
				Base,
			);
			mainGroup = 12A254F2215B83A40092F14D;
			productRefGroup = 12A254FC215B83A40092F14D /* Products */;
			projectDirPath = "";
			projectRoot = "";
			targets = (
				12A254FA215B83A40092F14D /* LocalNotification */,
				12A2550E215B83A60092F14D /* LocalNotificationTests */,
				12A25519215B83A60092F14D /* LocalNotificationUITests */,
			);
		};
/* End PBXProject section */

/* Begin PBXResourcesBuildPhase section */
		12A254F9215B83A40092F14D /* Resources */ = {
			isa = PBXResourcesBuildPhase;
			buildActionMask = 2147483647;
			files = (
				12A25509215B83A60092F14D /* LaunchScreen.storyboard in Resources */,
				12A25506215B83A60092F14D /* Assets.xcassets in Resources */,
				12A25504215B83A40092F14D /* Main.storyboard in Resources */,
			);
			runOnlyForDeploymentPostprocessing = 0;
		};
		12A2550D215B83A60092F14D /* Resources */ = {
			isa = PBXResourcesBuildPhase;
			buildActionMask = 2147483647;
			files = (
			);
			runOnlyForDeploymentPostprocessing = 0;
		};
		12A25518215B83A60092F14D /* Resources */ = {
			isa = PBXResourcesBuildPhase;
			buildActionMask = 2147483647;
			files = (
			);
			runOnlyForDeploymentPostprocessing = 0;
		};
/* End PBXResourcesBuildPhase section */

/* Begin PBXSourcesBuildPhase section */
		12A254F7215B83A40092F14D /* Sources */ = {
			isa = PBXSourcesBuildPhase;
			buildActionMask = 2147483647;
			files = (
				12A25501215B83A40092F14D /* ViewController.swift in Sources */,
				12A254FF215B83A40092F14D /* AppDelegate.swift in Sources */,
			);
			runOnlyForDeploymentPostprocessing = 0;
		};
		12A2550B215B83A60092F14D /* Sources */ = {
			isa = PBXSourcesBuildPhase;
			buildActionMask = 2147483647;
			files = (
				12A25514215B83A60092F14D /* LocalNotificationTests.swift in Sources */,
			);
			runOnlyForDeploymentPostprocessing = 0;
		};
		12A25516215B83A60092F14D /* Sources */ = {
			isa = PBXSourcesBuildPhase;
			buildActionMask = 2147483647;
			files = (
				12A2551F215B83A60092F14D /* LocalNotificationUITests.swift in Sources */,
			);
			runOnlyForDeploymentPostprocessing = 0;
		};
/* End PBXSourcesBuildPhase section */

/* Begin PBXTargetDependency section */
		12A25511215B83A60092F14D /* PBXTargetDependency */ = {
			isa = PBXTargetDependency;
			target = 12A254FA215B83A40092F14D /* LocalNotification */;
			targetProxy = 12A25510215B83A60092F14D /* PBXContainerItemProxy */;
		};
		12A2551C215B83A60092F14D /* PBXTargetDependency */ = {
			isa = PBXTargetDependency;
			target = 12A254FA215B83A40092F14D /* LocalNotification */;
			targetProxy = 12A2551B215B83A60092F14D /* PBXContainerItemProxy */;
		};
/* End PBXTargetDependency section */

/* Begin PBXVariantGroup section */
		12A25502215B83A40092F14D /* Main.storyboard */ = {
			isa = PBXVariantGroup;
			children = (
				12A25503215B83A40092F14D /* Base */,
			);
			name = Main.storyboard;
			sourceTree = "<group>";
		};
		12A25507215B83A60092F14D /* LaunchScreen.storyboard */ = {
			isa = PBXVariantGroup;
			children = (
				12A25508215B83A60092F14D /* Base */,
			);
			name = LaunchScreen.storyboard;
			sourceTree = "<group>";
		};
/* End PBXVariantGroup section */

/* Begin XCBuildConfiguration section */
		12A25521215B83A60092F14D /* Debug */ = {
			isa = XCBuildConfiguration;
			buildSettings = {
				ALWAYS_SEARCH_USER_PATHS = NO;
				CLANG_ANALYZER_NONNULL = YES;
				CLANG_ANALYZER_NUMBER_OBJECT_CONVERSION = YES_AGGRESSIVE;
				CLANG_CXX_LANGUAGE_STANDARD = "gnu++14";
				CLANG_CXX_LIBRARY = "libc++";
				CLANG_ENABLE_MODULES = YES;
				CLANG_ENABLE_OBJC_ARC = YES;
				CLANG_ENABLE_OBJC_WEAK = YES;
				CLANG_WARN_BLOCK_CAPTURE_AUTORELEASING = YES;
				CLANG_WARN_BOOL_CONVERSION = YES;
				CLANG_WARN_COMMA = YES;
				CLANG_WARN_CONSTANT_CONVERSION = YES;
				CLANG_WARN_DEPRECATED_OBJC_IMPLEMENTATIONS = YES;
				CLANG_WARN_DIRECT_OBJC_ISA_USAGE = YES_ERROR;
				CLANG_WARN_DOCUMENTATION_COMMENTS = YES;
				CLANG_WARN_EMPTY_BODY = YES;
				CLANG_WARN_ENUM_CONVERSION = YES;
				CLANG_WARN_INFINITE_RECURSION = YES;
				CLANG_WARN_INT_CONVERSION = YES;
				CLANG_WARN_NON_LITERAL_NULL_CONVERSION = YES;
				CLANG_WARN_OBJC_IMPLICIT_RETAIN_SELF = YES;
				CLANG_WARN_OBJC_LITERAL_CONVERSION = YES;
				CLANG_WARN_OBJC_ROOT_CLASS = YES_ERROR;
				CLANG_WARN_RANGE_LOOP_ANALYSIS = YES;
				CLANG_WARN_STRICT_PROTOTYPES = YES;
				CLANG_WARN_SUSPICIOUS_MOVE = YES;
				CLANG_WARN_UNGUARDED_AVAILABILITY = YES_AGGRESSIVE;
				CLANG_WARN_UNREACHABLE_CODE = YES;
				CLANG_WARN__DUPLICATE_METHOD_MATCH = YES;
				CODE_SIGN_IDENTITY = "iPhone Developer";
				COPY_PHASE_STRIP = NO;
				DEBUG_INFORMATION_FORMAT = dwarf;
				ENABLE_STRICT_OBJC_MSGSEND = YES;
				ENABLE_TESTABILITY = YES;
				GCC_C_LANGUAGE_STANDARD = gnu11;
				GCC_DYNAMIC_NO_PIC = NO;
				GCC_NO_COMMON_BLOCKS = YES;
				GCC_OPTIMIZATION_LEVEL = 0;
				GCC_PREPROCESSOR_DEFINITIONS = (
					"DEBUG=1",
					"$(inherited)",
				);
				GCC_WARN_64_TO_32_BIT_CONVERSION = YES;
				GCC_WARN_ABOUT_RETURN_TYPE = YES_ERROR;
				GCC_WARN_UNDECLARED_SELECTOR = YES;
				GCC_WARN_UNINITIALIZED_AUTOS = YES_AGGRESSIVE;
				GCC_WARN_UNUSED_FUNCTION = YES;
				GCC_WARN_UNUSED_VARIABLE = YES;
				IPHONEOS_DEPLOYMENT_TARGET = 12.0;
				MTL_ENABLE_DEBUG_INFO = INCLUDE_SOURCE;
				MTL_FAST_MATH = YES;
				ONLY_ACTIVE_ARCH = YES;
				SDKROOT = iphoneos;
				SWIFT_ACTIVE_COMPILATION_CONDITIONS = DEBUG;
				SWIFT_OPTIMIZATION_LEVEL = "-Onone";
			};
			name = Debug;
		};
		12A25522215B83A60092F14D /* Release */ = {
			isa = XCBuildConfiguration;
			buildSettings = {
				ALWAYS_SEARCH_USER_PATHS = NO;
				CLANG_ANALYZER_NONNULL = YES;
				CLANG_ANALYZER_NUMBER_OBJECT_CONVERSION = YES_AGGRESSIVE;
				CLANG_CXX_LANGUAGE_STANDARD = "gnu++14";
				CLANG_CXX_LIBRARY = "libc++";
				CLANG_ENABLE_MODULES = YES;
				CLANG_ENABLE_OBJC_ARC = YES;
				CLANG_ENABLE_OBJC_WEAK = YES;
				CLANG_WARN_BLOCK_CAPTURE_AUTORELEASING = YES;
				CLANG_WARN_BOOL_CONVERSION = YES;
				CLANG_WARN_COMMA = YES;
				CLANG_WARN_CONSTANT_CONVERSION = YES;
				CLANG_WARN_DEPRECATED_OBJC_IMPLEMENTATIONS = YES;
				CLANG_WARN_DIRECT_OBJC_ISA_USAGE = YES_ERROR;
				CLANG_WARN_DOCUMENTATION_COMMENTS = YES;
				CLANG_WARN_EMPTY_BODY = YES;
				CLANG_WARN_ENUM_CONVERSION = YES;
				CLANG_WARN_INFINITE_RECURSION = YES;
				CLANG_WARN_INT_CONVERSION = YES;
				CLANG_WARN_NON_LITERAL_NULL_CONVERSION = YES;
				CLANG_WARN_OBJC_IMPLICIT_RETAIN_SELF = YES;
				CLANG_WARN_OBJC_LITERAL_CONVERSION = YES;
				CLANG_WARN_OBJC_ROOT_CLASS = YES_ERROR;
				CLANG_WARN_RANGE_LOOP_ANALYSIS = YES;
				CLANG_WARN_STRICT_PROTOTYPES = YES;
				CLANG_WARN_SUSPICIOUS_MOVE = YES;
				CLANG_WARN_UNGUARDED_AVAILABILITY = YES_AGGRESSIVE;
				CLANG_WARN_UNREACHABLE_CODE = YES;
				CLANG_WARN__DUPLICATE_METHOD_MATCH = YES;
				CODE_SIGN_IDENTITY = "iPhone Developer";
				COPY_PHASE_STRIP = NO;
				DEBUG_INFORMATION_FORMAT = "dwarf-with-dsym";
				ENABLE_NS_ASSERTIONS = NO;
				ENABLE_STRICT_OBJC_MSGSEND = YES;
				GCC_C_LANGUAGE_STANDARD = gnu11;
				GCC_NO_COMMON_BLOCKS = YES;
				GCC_WARN_64_TO_32_BIT_CONVERSION = YES;
				GCC_WARN_ABOUT_RETURN_TYPE = YES_ERROR;
				GCC_WARN_UNDECLARED_SELECTOR = YES;
				GCC_WARN_UNINITIALIZED_AUTOS = YES_AGGRESSIVE;
				GCC_WARN_UNUSED_FUNCTION = YES;
				GCC_WARN_UNUSED_VARIABLE = YES;
				IPHONEOS_DEPLOYMENT_TARGET = 12.0;
				MTL_ENABLE_DEBUG_INFO = NO;
				MTL_FAST_MATH = YES;
				SDKROOT = iphoneos;
				SWIFT_COMPILATION_MODE = wholemodule;
				SWIFT_OPTIMIZATION_LEVEL = "-O";
				VALIDATE_PRODUCT = YES;
			};
			name = Release;
		};
		12A25524215B83A60092F14D /* Debug */ = {
			isa = XCBuildConfiguration;
			buildSettings = {
				ASSETCATALOG_COMPILER_APPICON_NAME = AppIcon;
				CODE_SIGN_STYLE = Automatic;
				DEVELOPMENT_TEAM = 74M8Y5BWK9;
				INFOPLIST_FILE = LocalNotification/Info.plist;
				LD_RUNPATH_SEARCH_PATHS = (
					"$(inherited)",
					"@executable_path/Frameworks",
				);
				PRODUCT_BUNDLE_IDENTIFIER = Abhishek.LocalNotification;
				PRODUCT_NAME = "$(TARGET_NAME)";
				SWIFT_VERSION = 4.2;
				TARGETED_DEVICE_FAMILY = "1,2";
			};
			name = Debug;
		};
		12A25525215B83A60092F14D /* Release */ = {
			isa = XCBuildConfiguration;
			buildSettings = {
				ASSETCATALOG_COMPILER_APPICON_NAME = AppIcon;
				CODE_SIGN_STYLE = Automatic;
				DEVELOPMENT_TEAM = 74M8Y5BWK9;
				INFOPLIST_FILE = LocalNotification/Info.plist;
				LD_RUNPATH_SEARCH_PATHS = (
					"$(inherited)",
					"@executable_path/Frameworks",
				);
				PRODUCT_BUNDLE_IDENTIFIER = Abhishek.LocalNotification;
				PRODUCT_NAME = "$(TARGET_NAME)";
				SWIFT_VERSION = 4.2;
				TARGETED_DEVICE_FAMILY = "1,2";
			};
			name = Release;
		};
		12A25527215B83A60092F14D /* Debug */ = {
			isa = XCBuildConfiguration;
			buildSettings = {
				ALWAYS_EMBED_SWIFT_STANDARD_LIBRARIES = YES;
				BUNDLE_LOADER = "$(TEST_HOST)";
				CODE_SIGN_STYLE = Automatic;
				DEVELOPMENT_TEAM = 74M8Y5BWK9;
				INFOPLIST_FILE = LocalNotificationTests/Info.plist;
				LD_RUNPATH_SEARCH_PATHS = (
					"$(inherited)",
					"@executable_path/Frameworks",
					"@loader_path/Frameworks",
				);
				PRODUCT_BUNDLE_IDENTIFIER = Abhishek.LocalNotificationTests;
				PRODUCT_NAME = "$(TARGET_NAME)";
				SWIFT_VERSION = 4.2;
				TARGETED_DEVICE_FAMILY = "1,2";
				TEST_HOST = "$(BUILT_PRODUCTS_DIR)/LocalNotification.app/LocalNotification";
			};
			name = Debug;
		};
		12A25528215B83A60092F14D /* Release */ = {
			isa = XCBuildConfiguration;
			buildSettings = {
				ALWAYS_EMBED_SWIFT_STANDARD_LIBRARIES = YES;
				BUNDLE_LOADER = "$(TEST_HOST)";
				CODE_SIGN_STYLE = Automatic;
				DEVELOPMENT_TEAM = 74M8Y5BWK9;
				INFOPLIST_FILE = LocalNotificationTests/Info.plist;
				LD_RUNPATH_SEARCH_PATHS = (
					"$(inherited)",
					"@executable_path/Frameworks",
					"@loader_path/Frameworks",
				);
				PRODUCT_BUNDLE_IDENTIFIER = Abhishek.LocalNotificationTests;
				PRODUCT_NAME = "$(TARGET_NAME)";
				SWIFT_VERSION = 4.2;
				TARGETED_DEVICE_FAMILY = "1,2";
				TEST_HOST = "$(BUILT_PRODUCTS_DIR)/LocalNotification.app/LocalNotification";
			};
			name = Release;
		};
		12A2552A215B83A60092F14D /* Debug */ = {
			isa = XCBuildConfiguration;
			buildSettings = {
				ALWAYS_EMBED_SWIFT_STANDARD_LIBRARIES = YES;
				CODE_SIGN_STYLE = Automatic;
				DEVELOPMENT_TEAM = 74M8Y5BWK9;
				INFOPLIST_FILE = LocalNotificationUITests/Info.plist;
				LD_RUNPATH_SEARCH_PATHS = (
					"$(inherited)",
					"@executable_path/Frameworks",
					"@loader_path/Frameworks",
				);
				PRODUCT_BUNDLE_IDENTIFIER = Abhishek.LocalNotificationUITests;
				PRODUCT_NAME = "$(TARGET_NAME)";
				SWIFT_VERSION = 4.2;
				TARGETED_DEVICE_FAMILY = "1,2";
				TEST_TARGET_NAME = LocalNotification;
			};
			name = Debug;
		};
		12A2552B215B83A60092F14D /* Release */ = {
			isa = XCBuildConfiguration;
			buildSettings = {
				ALWAYS_EMBED_SWIFT_STANDARD_LIBRARIES = YES;
				CODE_SIGN_STYLE = Automatic;
				DEVELOPMENT_TEAM = 74M8Y5BWK9;
				INFOPLIST_FILE = LocalNotificationUITests/Info.plist;
				LD_RUNPATH_SEARCH_PATHS = (
					"$(inherited)",
					"@executable_path/Frameworks",
					"@loader_path/Frameworks",
				);
				PRODUCT_BUNDLE_IDENTIFIER = Abhishek.LocalNotificationUITests;
				PRODUCT_NAME = "$(TARGET_NAME)";
				SWIFT_VERSION = 4.2;
				TARGETED_DEVICE_FAMILY = "1,2";
				TEST_TARGET_NAME = LocalNotification;
			};
			name = Release;
		};
/* End XCBuildConfiguration section */

/* Begin XCConfigurationList section */
		12A254F6215B83A40092F14D /* Build configuration list for PBXProject "LocalNotification" */ = {
			isa = XCConfigurationList;
			buildConfigurations = (
				12A25521215B83A60092F14D /* Debug */,
				12A25522215B83A60092F14D /* Release */,
			);
			defaultConfigurationIsVisible = 0;
			defaultConfigurationName = Release;
		};
		12A25523215B83A60092F14D /* Build configuration list for PBXNativeTarget "LocalNotification" */ = {
			isa = XCConfigurationList;
			buildConfigurations = (
				12A25524215B83A60092F14D /* Debug */,
				12A25525215B83A60092F14D /* Release */,
			);
			defaultConfigurationIsVisible = 0;
			defaultConfigurationName = Release;
		};
		12A25526215B83A60092F14D /* Build configuration list for PBXNativeTarget "LocalNotificationTests" */ = {
			isa = XCConfigurationList;
			buildConfigurations = (
				12A25527215B83A60092F14D /* Debug */,
				12A25528215B83A60092F14D /* Release */,
			);
			defaultConfigurationIsVisible = 0;
			defaultConfigurationName = Release;
		};
		12A25529215B83A60092F14D /* Build configuration list for PBXNativeTarget "LocalNotificationUITests" */ = {
			isa = XCConfigurationList;
			buildConfigurations = (
				12A2552A215B83A60092F14D /* Debug */,
				12A2552B215B83A60092F14D /* Release */,
			);
			defaultConfigurationIsVisible = 0;
			defaultConfigurationName = Release;
		};
/* End XCConfigurationList section */
	};
	rootObject = 12A254F3215B83A40092F14D /* Project object */;
}
